github.com/aws/aws-sdk-go-v2 v1.3.2 h1:RQj8l98yKUm0UV2Wd3w/Ms+TXV9Rs1E6Kr5tRRMfyU4=
github.com/aws/aws-sdk-go-v2 v1.3.2/go.mod h1:7OaACgj2SX3XGWnrIjGlJM22h6yD6MEWKvm7levnnM8=
github.com/aws/aws-sdk-go-v2/config v1.1.6 h1:tg8KyxrxDt1CrYmZXWs9lc6IFE1yxtk9kn6eS/v2fdA=
github.com/aws/aws-sdk-go-v2/config v1.1.6/go.mod h1:Kx90DDOgkMpRfSkzGbF13AVXHHfBNct1liO+95KxXsU=
github.com/aws/aws-sdk-go-v2/credentials v1.1.6 h1:efaeh6FsO/jzyJ+U4ZxduKC6rRJDrUpu+Z0k5+guqHo=
github.com/aws/aws-sdk-go-v2/credentials v1.1.6/go.mod h1:q1wQ5jHdFNhc4wnNcOEpnovs4keJA5Ds+qESCnfEsgU=
github.com/aws/aws-sdk-go-v2/feature/ec2/imds v1.0.6 h1:zoOz5V56jO/rGixsCDnrQtAzYRYM2hGA/43U6jVMFbo=
github.com/aws/aws-sdk-go-v2/feature/ec2/imds v1.0.6/go.mod h1:0+fWMitrmIpENiY8/1DyhdYPUCAPvd9UNz9mtCsEoLQ=
github.com/aws/aws-sdk-go-v2/service/cloudformation v1.3.2 h1:8C7mEzv69kiycFb4yONaHAIW7PhZCjtFs3Kj//3vZPk=
github.com/aws/aws-sdk-go-v2/service/cloudformation v1.3.2/go.mod h1:MH1u3+6v48cHFGorEvYNBu+QJ6bE8gZVmvQo0NSWZls=
github.com/aws/aws-sdk-go-v2/service/cloudwatchlogs v1.2.2 h1:n0upYlo6IRQI7WwoThLTDziit6r4zo2oWNB8AY28rdE=
github.com/aws/aws-sdk-go-v2/service/cloudwatchlogs v1.2.2/go.mod h1:d7EGzmjLiXW+mk2OnkanXsrGQ6PuPRwouhxLjjRbO30=
github.com/aws/aws-sdk-go-v2/service/dynamodb v1.2.2 h1:8tA7Go+R0crArjhD+Cu7QKmhSy+F24Ll1WHzQN/VOGY=
github.com/aws/aws-sdk-go-v2/service/dynamodb v1.2.2/go.mod h1:1/onFSTaj5Pz/pI/3YjomZQcx1BYdttnOJUJVKSOh7A=
github.com/aws/aws-sdk-go-v2/service/firehose v1.2.2 h1:pRqP+i6H2vad3pthnZQLVEVTtbygfmfvm6vLMl8urU0=
github.com/aws/aws-sdk-go-v2/service/firehose v1.2.2/go.mod h1:EirX3/zx3KlqrusJyikVSSeRdB5QuyaR3xmtbvzlrnE=
github.com/aws/aws-sdk-go-v2/service/iam v1.3.1 h1:aTJTynJuqZjZ0ptNubJcEEN511FDiajRYI/PTnRO1U8=
github.com/aws/aws-sdk-go-v2/service/iam v1.3.1/go.mod h1:b1K3TViQAwFbfJn8htcD5vtM8AqkMtDc53OreIpCRtk=
github.com/aws/aws-sdk-go-v2/service/internal/accept-encoding v1.0.4 h1:8yeByqOL6UWBsOOXsHnW93/ukwL66O008tRfxXxnTwA=
github.com/aws/aws-sdk-go-v2/service/internal/accept-encoding v1.0.4/go.mod h1:BCfU3Uo2fhKcMZFp9zU5QQGQxqWCOYmZ/27Dju3S/do=
github.com/aws/aws-sdk-go-v2/service/internal/presigned-url v1.0.6 h1:ldYIsOP4WyjdzW8t6RC/aSieajrlx+3UN3UCZy1KM5Y=
github.com/aws/aws-sdk-go-v2/service/internal/presigned-url v1.0.6/go.mod h1:L0KWr0ASo83PRZu9NaZaDsw3koS6PspKv137DMDZjHo=
github.com/aws/aws-sdk-go-v2/service/lambda v1.2.2 h1:F1vBHHT+x008mllAfLncqC0L2sgshS/ka1HFuL4jewc=
github.com/aws/aws-sdk-go-v2/service/lambda v1.2.2/go.mod h1:VjOrBW4srZJGZJmcyW00FDRVJFrBXoDlzd00vW4vCyw=
github.com/aws/aws-sdk-go-v2/service/sns v1.2.2 h1:phLGFAc2O7yX2ZmDENxd8CJ/jwGtsKp+ZycI9vJtCgI=
github.com/aws/aws-sdk-go-v2/service/sns v1.2.2/go.mod h1:bmy5i6vmXNNTOK8ZXGxD1qEuZtzfKaJXy6PEMBMt5sQ=
github.com/aws/aws-sdk-go-v2/service/sqs v1.3.1 h1:JHv/dumXk3jooM7CrYoYp9+74YRZ4dGsXzMob2Kds5s=
github.com/aws/aws-sdk-go-v2/service/sqs v1.3.1/go.mod h1:E6ASpQhmNCYI1xKp//5LwIsdvtAqcFMFA7chocaSWY8=
github.com/aws/aws-sdk-go-v2/service/sso v1.1.5 h1:B7ec5wE4+3Ldkurmq0C4gfQFtElGTG+/iTpi/YPMzi4=
github.com/aws/aws-sdk-go-v2/service/sso v1.1.5/go.mod h1:bpGz0tidC4y39sZkQSkpO/J0tzWCMXHbw6FZ0j1GkWM=
github.com/aws/aws-sdk-go-v2/service/sts v1.3.0 h1:4o69U9waE25xhRbsnXa4jjQac03BFJcNfcZkSedk3e4=
github.com/aws/aws-sdk-go-v2/service/sts v1.3.0/go.mod h1:ssRzzJ2RZOVuKj2Vx1YE7ypfil/BIlgmQnCSW4DistU=
github.com/aws/smithy-go v1.3.1 h1:xJFO4pK0y9J8fCl34uGsSJX5KNnGbdARDlA5BPhXnwE=
github.com/aws/smithy-go v1.3.1/go.mod h1:SObp3lf9smib00L/v3U2eAKG8FyQ7iLrJnQiAmR5n+E=
github.com/davecgh/go-spew v1.1.0/go.mod h1:J7Y8YcW2NihsgmVo/mv3lAwl/skON4iLHjSsI+c5H38=
github.com/davecgh/go-spew v1.1.1 h1:vj9j/u1bqnvCEfJOwUhtlOARqs3+rkHYY13jYWTU97c=
github.com/davecgh/go-spew v1.1.1/go.mod h1:J7Y8YcW2NihsgmVo/mv3lAwl/skON4iLHjSsI+c5H38=
github.com/google/go-cmp v0.5.4/go.mod h1:v8dTdLbMG2kIc/vJvl+f65V22dbkXbowE6jgT/gNBxE=
github.com/google/go-cmp v0.5.5 h1:Khx7svrCpmxxtHBq5j2mp/xVjsi8hQMfNLvJFAlrGgU=
github.com/google/go-cmp v0.5.5/go.mod h1:v8dTdLbMG2kIc/vJvl+f65V22dbkXbowE6jgT/gNBxE=
github.com/jmespath/go-jmespath v0.4.0 h1:BEgLn5cpjn8UN1mAw4NjwDrS35OdebyEtFe+9YPoQUg=
github.com/jmespath/go-jmespath v0.4.0/go.mod h1:T8mJZnbsbmF+m6zOOFylbeCJqk5+pHWvzYPziyZiYoo=
github.com/jmespath/go-jmespath/internal/testify v1.5.1 h1:shLQSRRSCCPj3f2gpwzGwWFoC7ycTf1rcQZHOlsJ6N8=
github.com/jmespath/go-jmespath/internal/testify v1.5.1/go.mod h1:L3OGu8Wl2/fWfCI6z80xFu9LTZmf1ZRjMHUOPmWr69U=
github.com/kr/pretty v0.1.0 h1:L/CwN0zerZDmRFUapSPitk6f+Q3+0za1rQkzVuMiMFI=
github.com/kr/pretty v0.1.0/go.mod h1:dAy3ld7l9f0ibDNOQOHHMYYIIbhfbHSm3C4ZsoJORNo=
github.com/kr/pty v1.1.1/go.mod h1:pFQYn66WHrOpPYNljwOMqo10TkYh1fy3cYio2l3bCsQ=
github.com/kr/text v0.1.0 h1:45sCR5RtlFHMR4UwH9sdQ5TC8v0qDQCHnXt+kaKSTVE=
github.com/kr/text v0.1.0/go.mod h1:4Jbv+DJW3UT/LiOwJeYQe1efqtUx/iVham/4vfdArNI=
github.com/pkg/errors v0.9.1 h1:FEBLx1zS214owpjy7qsBeixbURkuhQAwrK5UwLGTwt4=
github.com/pkg/errors v0.9.1/go.mod h1:bwawxfHBFNV+L2hUp1rHADufV3IMtnDRdf1r5NINEl0=
github.com/pmezard/go-difflib v1.0.0 h1:4DBwDE0NGyQoBHbLQYPwSUPoCMWR5BEzIk/f1lZbAQM=
github.com/pmezard/go-difflib v1.0.0/go.mod h1:iKH77koFhYxTK1pcRnkKkqfTogsbg7gZNVY4sRDYZ/4=
github.com/sirupsen/logrus v1.8.1 h1:dJKuHgqk1NNQlqoA6BTlM1Wf9DOH3NBjQyu0h9+AZZE=
github.com/sirupsen/logrus v1.8.1/go.mod h1:yWOB1SBYBC5VeMP7gHvWumXLIWorT60ONWic61uBYv0=
github.com/stretchr/objx v0.1.0/go.mod h1:HFkY916IF+rwdDfMAkV7OtwuqBVzrE8GR6GFx+wExME=
github.com/stretchr/testify v1.2.2/go.mod h1:a8OnRcib4nhh0OaRAV+Yts87kKdq0PP7pXfy6kDkUVs=
github.com/stretchr/testify v1.7.0 h1:nwc3DEeHmmLAfoZucVR881uASk0Mfjw8xYJ99tb5CcY=
github.com/stretchr/testify v1.7.0/go.mod h1:6Fq8oRcR53rry900zMqJjRRixrwX3KX962/h/Wwjteg=
golang.org/x/sys v0.0.0-20191026070338-33540a1f6037/go.mod h1:h1NjWce9XRLGQEsW7wpKNCjG9DtNlClVuFLEZdDNbEs=
golang.org/x/sys v0.0.0-20210412220455-f1c623a9e750 h1:ZBu6861dZq7xBnG1bn5SRU0vA8nx42at4+kP07FMTog=
golang.org/x/sys v0.0.0-20210412220455-f1c623a9e750/go.mod h1:h1NjWce9XRLGQEsW7wpKNCjG9DtNlClVuFLEZdDNbEs=
golang.org/x/xerrors v0.0.0-20191204190536-9bdfabe68543/go.mod h1:I/5z698sn9Ka8TeJc9MKroUUfqBBauWjQqLJ2OPfmY0=
golang.org/x/xerrors v0.0.0-20200804184101-5ec99f83aff1 h1:go1bK/D/BFZV2I8cIQd1NKEZ+0owSTG1fDTci4IqFcE=
golang.org/x/xerrors v0.0.0-20200804184101-5ec99f83aff1/go.mod h1:I/5z698sn9Ka8TeJc9MKroUUfqBBauWjQqLJ2OPfmY0=
gopkg.in/check.v1 v0.0.0-20161208181325-20d25e280405/go.mod h1:Co6ibVJAznAaIkqp8huTwlJQCZ016jof/cbN4VW5Yz0=
gopkg.in/check.v1 v1.0.0-20180628173108-788fd7840127 h1:qIbj1fsPNlZgppZ+VLlY7N33q108Sa+fhmuc+sWQYwY=
gopkg.in/check.v1 v1.0.0-20180628173108-788fd7840127/go.mod h1:Co6ibVJAznAaIkqp8huTwlJQCZ016jof/cbN4VW5Yz0=
gopkg.in/yaml.v2 v2.2.8/go.mod h1:hI93XBmqTisBFMUTm0b8Fm+jr3Dg1NNxqwp+5A1VGuI=
gopkg.in/yaml.v2 v2.3.0 h1:clyUAQHOM3G0M3f5vQj7LuJrETvjVot3Z5el9nffUtU=
gopkg.in/yaml.v2 v2.3.0/go.mod h1:hI93XBmqTisBFMUTm0b8Fm+jr3Dg1NNxqwp+5A1VGuI=
gopkg.in/yaml.v3 v3.0.0-20200313102051-9f266ea9e77c h1:dUUwHk2QECo/6vqA44rthZ8ie2QXMNeKRTHCNY2nXvo=
gopkg.in/yaml.v3 v3.0.0-20200313102051-9f266ea9e77c/go.mod h1:K4uyk7z7BCEPqu6E+C64Yfv1cQ7kz7rIZviUmN+EgEM=
